
Microsoft Visual Studio Solution File, Format Version 12.00
# Visual Studio 15
VisualStudioVersion = 15.0.27703.2042
MinimumVisualStudioVersion = 10.0.40219.1
Project("{FAE04EC0-301F-11D3-BF4B-00C04F79EFBC}") = "CSharpAndNetFramworkCourseExPg66", "CSharpAndNetFramworkCourseExPg66\CSharpAndNetFramworkCourseExPg66.csproj", "{099D0817-0F32-49B8-9B57-92730387502F}"
EndProject
Global
	GlobalSection(SolutionConfigurationPlatforms) = preSolution
		Debug|Any CPU = Debug|Any CPU
		Release|Any CPU = Release|Any CPU
	EndGlobalSection
	GlobalSection(ProjectConfigurationPlatforms) = postSolution
		{099D0817-0F32-49B8-9B57-92730387502F}.Debug|Any CPU.ActiveCfg = Debug|Any CPU
		{099D0817-0F32-49B8-9B57-92730387502F}.Debug|Any CPU.Build.0 = Debug|Any CPU
		{099D0817-0F32-49B8-9B57-92730387502F}.Release|Any CPU.ActiveCfg = Release|Any CPU
		{099D0817-0F32-49B8-9B57-92730387502F}.Release|Any CPU.Build.0 = Release|Any CPU
	EndGlobalSection
	GlobalSection(SolutionProperties) = preSolution
		HideSolutionNode = FALSE
	EndGlobalSection
	GlobalSection(ExtensibilityGlobals) = postSolution
		SolutionGuid = {95338A0A-42B0-4DA8-B67C-183115EC8BB3}
	EndGlobalSection
EndGlobal
