
Microsoft Visual Studio Solution File, Format Version 12.00
# Visual Studio 15
VisualStudioVersion = 15.0.27703.2042
MinimumVisualStudioVersion = 10.0.40219.1
Project("{FAE04EC0-301F-11D3-BF4B-00C04F79EFBC}") = "TwentyOnePt6", "TwentyOnePt6\TwentyOnePt6.csproj", "{079C4A4F-8F02-4C0D-A226-EF2E178C878A}"
EndProject
Global
	GlobalSection(SolutionConfigurationPlatforms) = preSolution
		Debug|Any CPU = Debug|Any CPU
		Release|Any CPU = Release|Any CPU
	EndGlobalSection
	GlobalSection(ProjectConfigurationPlatforms) = postSolution
		{079C4A4F-8F02-4C0D-A226-EF2E178C878A}.Debug|Any CPU.ActiveCfg = Debug|Any CPU
		{079C4A4F-8F02-4C0D-A226-EF2E178C878A}.Debug|Any CPU.Build.0 = Debug|Any CPU
		{079C4A4F-8F02-4C0D-A226-EF2E178C878A}.Release|Any CPU.ActiveCfg = Release|Any CPU
		{079C4A4F-8F02-4C0D-A226-EF2E178C878A}.Release|Any CPU.Build.0 = Release|Any CPU
	EndGlobalSection
	GlobalSection(SolutionProperties) = preSolution
		HideSolutionNode = FALSE
	EndGlobalSection
	GlobalSection(ExtensibilityGlobals) = postSolution
		SolutionGuid = {3A8DEB9E-6D0F-4C11-8EAD-FEE8AC6292D4}
	EndGlobalSection
EndGlobal
