
Microsoft Visual Studio Solution File, Format Version 12.00
# Visual Studio 15
VisualStudioVersion = 15.0.27703.2042
MinimumVisualStudioVersion = 10.0.40219.1
Project("{FAE04EC0-301F-11D3-BF4B-00C04F79EFBC}") = "CSharpExercisePg162", "CSharpExercisePg162\CSharpExercisePg162.csproj", "{273E17BB-4235-4909-8702-9789E7046403}"
EndProject
Global
	GlobalSection(SolutionConfigurationPlatforms) = preSolution
		Debug|Any CPU = Debug|Any CPU
		Release|Any CPU = Release|Any CPU
	EndGlobalSection
	GlobalSection(ProjectConfigurationPlatforms) = postSolution
		{273E17BB-4235-4909-8702-9789E7046403}.Debug|Any CPU.ActiveCfg = Debug|Any CPU
		{273E17BB-4235-4909-8702-9789E7046403}.Debug|Any CPU.Build.0 = Debug|Any CPU
		{273E17BB-4235-4909-8702-9789E7046403}.Release|Any CPU.ActiveCfg = Release|Any CPU
		{273E17BB-4235-4909-8702-9789E7046403}.Release|Any CPU.Build.0 = Release|Any CPU
	EndGlobalSection
	GlobalSection(SolutionProperties) = preSolution
		HideSolutionNode = FALSE
	EndGlobalSection
	GlobalSection(ExtensibilityGlobals) = postSolution
		SolutionGuid = {EACDBDC3-6323-4475-9A74-904E43A244F9}
	EndGlobalSection
EndGlobal
